
Microsoft Visual Studio Solution File, Format Version 12.00
# Visual Studio Version 17
VisualStudioVersion = 17.9.34616.47
MinimumVisualStudioVersion = 10.0.40219.1
Project("{FAE04EC0-301F-11D3-BF4B-00C04F79EFBC}") = "MySite", "MySite\MySite.csproj", "{DEA7E4F2-D38D-4054-88AA-68410F5C1C55}"
EndProject
Global
	GlobalSection(SolutionConfigurationPlatforms) = preSolution
		Debug|Any CPU = Debug|Any CPU
		Release|Any CPU = Release|Any CPU
	EndGlobalSection
	GlobalSection(ProjectConfigurationPlatforms) = postSolution
		{DEA7E4F2-D38D-4054-88AA-68410F5C1C55}.Debug|Any CPU.ActiveCfg = Debug|Any CPU
		{DEA7E4F2-D38D-4054-88AA-68410F5C1C55}.Debug|Any CPU.Build.0 = Debug|Any CPU
		{DEA7E4F2-D38D-4054-88AA-68410F5C1C55}.Release|Any CPU.ActiveCfg = Release|Any CPU
		{DEA7E4F2-D38D-4054-88AA-68410F5C1C55}.Release|Any CPU.Build.0 = Release|Any CPU
	EndGlobalSection
	GlobalSection(SolutionProperties) = preSolution
		HideSolutionNode = FALSE
	EndGlobalSection
	GlobalSection(ExtensibilityGlobals) = postSolution
		SolutionGuid = {4656DE6D-4C47-400F-9F14-AFF19CF2A73A}
	EndGlobalSection
EndGlobal
